
Microsoft Visual Studio Solution File, Format Version 12.00
# Visual Studio Version 17
VisualStudioVersion = 17.12.35309.182
MinimumVisualStudioVersion = 10.0.40219.1
Project("{FAE04EC0-301F-11D3-BF4B-00C04F79EFBC}") = "WinDeskClock", "WinDeskClock\WinDeskClock.csproj", "{C92CB787-870B-4DCA-B118-1829DBDF6F30}"
EndProject
Global
	GlobalSection(SolutionConfigurationPlatforms) = preSolution
		Debug|Any CPU = Debug|Any CPU
		Release|Any CPU = Release|Any CPU
	EndGlobalSection
	GlobalSection(ProjectConfigurationPlatforms) = postSolution
		{C92CB787-870B-4DCA-B118-1829DBDF6F30}.Debug|Any CPU.ActiveCfg = Debug|Any CPU
		{C92CB787-870B-4DCA-B118-1829DBDF6F30}.Debug|Any CPU.Build.0 = Debug|Any CPU
		{C92CB787-870B-4DCA-B118-1829DBDF6F30}.Release|Any CPU.ActiveCfg = Release|Any CPU
		{C92CB787-870B-4DCA-B118-1829DBDF6F30}.Release|Any CPU.Build.0 = Release|Any CPU
	EndGlobalSection
	GlobalSection(SolutionProperties) = preSolution
		HideSolutionNode = FALSE
	EndGlobalSection
	GlobalSection(ExtensibilityGlobals) = postSolution
		SolutionGuid = {76463456-AC86-4287-9BAF-C8FAD9B2F329}
	EndGlobalSection
EndGlobal
